
Microsoft Visual Studio Solution File, Format Version 12.00
# Visual Studio 15
VisualStudioVersion = 15.0.28307.757
MinimumVisualStudioVersion = 10.0.40219.1
Project("{9A19103F-16F7-4668-BE54-9A1E7A4F7556}") = "CacheManagerCore", "ASCacheManager\CacheManagerCore.csproj", "{CAB8A4B6-6858-4245-AD46-C614BA7E7839}"
EndProject
Project("{FAE04EC0-301F-11D3-BF4B-00C04F79EFBC}") = "SampleAPp", "SampleAPp\SampleAPp.csproj", "{823DCD19-D0F4-42AD-A324-C991459E8591}"
EndProject
Project("{FAE04EC0-301F-11D3-BF4B-00C04F79EFBC}") = "Cachemanager", "Cachemanager\Cachemanager.csproj", "{F9624C7C-6E3A-4621-952B-B88B71BD1839}"
EndProject
Global
	GlobalSection(SolutionConfigurationPlatforms) = preSolution
		Debug|Any CPU = Debug|Any CPU
		Release|Any CPU = Release|Any CPU
	EndGlobalSection
	GlobalSection(ProjectConfigurationPlatforms) = postSolution
		{CAB8A4B6-6858-4245-AD46-C614BA7E7839}.Debug|Any CPU.ActiveCfg = Debug|Any CPU
		{CAB8A4B6-6858-4245-AD46-C614BA7E7839}.Debug|Any CPU.Build.0 = Debug|Any CPU
		{CAB8A4B6-6858-4245-AD46-C614BA7E7839}.Release|Any CPU.ActiveCfg = Release|Any CPU
		{CAB8A4B6-6858-4245-AD46-C614BA7E7839}.Release|Any CPU.Build.0 = Release|Any CPU
		{823DCD19-D0F4-42AD-A324-C991459E8591}.Debug|Any CPU.ActiveCfg = Debug|Any CPU
		{823DCD19-D0F4-42AD-A324-C991459E8591}.Debug|Any CPU.Build.0 = Debug|Any CPU
		{823DCD19-D0F4-42AD-A324-C991459E8591}.Release|Any CPU.ActiveCfg = Release|Any CPU
		{823DCD19-D0F4-42AD-A324-C991459E8591}.Release|Any CPU.Build.0 = Release|Any CPU
		{F9624C7C-6E3A-4621-952B-B88B71BD1839}.Debug|Any CPU.ActiveCfg = Debug|Any CPU
		{F9624C7C-6E3A-4621-952B-B88B71BD1839}.Debug|Any CPU.Build.0 = Debug|Any CPU
		{F9624C7C-6E3A-4621-952B-B88B71BD1839}.Release|Any CPU.ActiveCfg = Release|Any CPU
		{F9624C7C-6E3A-4621-952B-B88B71BD1839}.Release|Any CPU.Build.0 = Release|Any CPU
	EndGlobalSection
	GlobalSection(SolutionProperties) = preSolution
		HideSolutionNode = FALSE
	EndGlobalSection
	GlobalSection(ExtensibilityGlobals) = postSolution
		SolutionGuid = {2E027C35-8B0B-46B8-8AC1-264B1ADEB3EC}
	EndGlobalSection
EndGlobal
